
Microsoft Visual Studio Solution File, Format Version 12.00
# Visual Studio Version 17
VisualStudioVersion = 17.0.32014.148
MinimumVisualStudioVersion = 10.0.40219.1
Project("{FAE04EC0-301F-11D3-BF4B-00C04F79EFBC}") = "Design_Pattern_Factory", "Design_Pattern_Factory\Design_Pattern_Factory.csproj", "{4D665F77-3BA2-44EF-B14A-C207F3B19D02}"
EndProject
Global
	GlobalSection(SolutionConfigurationPlatforms) = preSolution
		Debug|Any CPU = Debug|Any CPU
		Release|Any CPU = Release|Any CPU
	EndGlobalSection
	GlobalSection(ProjectConfigurationPlatforms) = postSolution
		{4D665F77-3BA2-44EF-B14A-C207F3B19D02}.Debug|Any CPU.ActiveCfg = Debug|Any CPU
		{4D665F77-3BA2-44EF-B14A-C207F3B19D02}.Debug|Any CPU.Build.0 = Debug|Any CPU
		{4D665F77-3BA2-44EF-B14A-C207F3B19D02}.Release|Any CPU.ActiveCfg = Release|Any CPU
		{4D665F77-3BA2-44EF-B14A-C207F3B19D02}.Release|Any CPU.Build.0 = Release|Any CPU
	EndGlobalSection
	GlobalSection(SolutionProperties) = preSolution
		HideSolutionNode = FALSE
	EndGlobalSection
	GlobalSection(ExtensibilityGlobals) = postSolution
		SolutionGuid = {40BF12BF-3E58-461C-91EE-EC3ECBCC9E70}
	EndGlobalSection
EndGlobal
